<?xml version="1.0" encoding="utf-8"?>
<Project ToolsVersion="4.0" xmlns="http://schemas.microsoft.com/developer/msbuild/2003">
  <ItemGroup>
    <Filter Include="md">
      <UniqueIdentifier>{7a04340e-26d0-491a-a3e3-0966f2a6a2f7}</UniqueIdentifier>
    </Filter>
  </ItemGroup>
  <ItemGroup>
    <None Include="README.md">
      <Filter>md</Filter>
    </None>
    <None Include="SIMDB.md">
      <Filter>md</Filter>
    </None>
  </ItemGroup>
</Project>